// !$*UTF8*$!
{
	archiveVersion = 1;
	classes = {
	};
	objectVersion = 46;
	objects = {

/* Begin PBXBuildFile section */
		1851E67A1D1043B4003AF798 /* main.m in Sources */ = {isa = PBXBuildFile; fileRef = 1851E6791D1043B4003AF798 /* main.m */; };
		1851E67D1D1043B4003AF798 /* AppDelegate.m in Sources */ = {isa = PBXBuildFile; fileRef = 1851E67C1D1043B4003AF798 /* AppDelegate.m */; };
		1851E6801D1043B4003AF798 /* ViewController.m in Sources */ = {isa = PBXBuildFile; fileRef = 1851E67F1D1043B4003AF798 /* ViewController.m */; };
		1851E6831D1043B4003AF798 /* Main.storyboard in Resources */ = {isa = PBXBuildFile; fileRef = 1851E6811D1043B4003AF798 /* Main.storyboard */; };
		1851E6851D1043B4003AF798 /* Assets.xcassets in Resources */ = {isa = PBXBuildFile; fileRef = 1851E6841D1043B4003AF798 /* Assets.xcassets */; };
		1851E6881D1043B4003AF798 /* LaunchScreen.storyboard in Resources */ = {isa = PBXBuildFile; fileRef = 1851E6861D1043B4003AF798 /* LaunchScreen.storyboard */; };
		1851E6A11D1048D1003AF798 /* APICloud.a in Frameworks */ = {isa = PBXBuildFile; fileRef = 1851E6911D1048D1003AF798 /* APICloud.a */; };
		1851E6AD1D104A92003AF798 /* libminizip.a in Frameworks */ = {isa = PBXBuildFile; fileRef = 1851E6A51D104A92003AF798 /* libminizip.a */; };
		1851E6AE1D104A92003AF798 /* libopencore-amrnb.a in Frameworks */ = {isa = PBXBuildFile; fileRef = 1851E6A61D104A92003AF798 /* libopencore-amrnb.a */; };
		1851E6AF1D104A92003AF798 /* libopencore-amrwb.a in Frameworks */ = {isa = PBXBuildFile; fileRef = 1851E6A71D104A92003AF798 /* libopencore-amrwb.a */; };
		1851E6B01D104A92003AF798 /* push.a in Frameworks */ = {isa = PBXBuildFile; fileRef = 1851E6A81D104A92003AF798 /* push.a */; };
		1851E6B51D104AB2003AF798 /* uz in Resources */ = {isa = PBXBuildFile; fileRef = 1851E6B41D104AB2003AF798 /* uz */; };
		1851E6B71D104BD0003AF798 /* WebKit.framework in Frameworks */ = {isa = PBXBuildFile; fileRef = 1851E6B61D104BD0003AF798 /* WebKit.framework */; };
		1851E6B91D104BD9003AF798 /* libz.tbd in Frameworks */ = {isa = PBXBuildFile; fileRef = 1851E6B81D104BD9003AF798 /* libz.tbd */; };
		1851E6BB1D104BEE003AF798 /* libicucore.A.tbd in Frameworks */ = {isa = PBXBuildFile; fileRef = 1851E6BA1D104BEE003AF798 /* libicucore.A.tbd */; };
		1851E6BD1D104C23003AF798 /* libstdc++.tbd in Frameworks */ = {isa = PBXBuildFile; fileRef = 1851E6BC1D104C23003AF798 /* libstdc++.tbd */; };
/* End PBXBuildFile section */

/* Begin PBXFileReference section */
		1851E6751D1043B4003AF798 /* html5.app */ = {isa = PBXFileReference; explicitFileType = wrapper.application; includeInIndex = 0; path = html5.app; sourceTree = BUILT_PRODUCTS_DIR; };
		1851E6791D1043B4003AF798 /* main.m */ = {isa = PBXFileReference; lastKnownFileType = sourcecode.c.objc; path = main.m; sourceTree = "<group>"; };
		1851E67B1D1043B4003AF798 /* AppDelegate.h */ = {isa = PBXFileReference; lastKnownFileType = sourcecode.c.h; path = AppDelegate.h; sourceTree = "<group>"; };
		1851E67C1D1043B4003AF798 /* AppDelegate.m */ = {isa = PBXFileReference; lastKnownFileType = sourcecode.c.objc; path = AppDelegate.m; sourceTree = "<group>"; };
		1851E67E1D1043B4003AF798 /* ViewController.h */ = {isa = PBXFileReference; lastKnownFileType = sourcecode.c.h; path = ViewController.h; sourceTree = "<group>"; };
		1851E67F1D1043B4003AF798 /* ViewController.m */ = {isa = PBXFileReference; lastKnownFileType = sourcecode.c.objc; path = ViewController.m; sourceTree = "<group>"; };
		1851E6821D1043B4003AF798 /* Base */ = {isa = PBXFileReference; lastKnownFileType = file.storyboard; name = Base; path = Base.lproj/Main.storyboard; sourceTree = "<group>"; };
		1851E6841D1043B4003AF798 /* Assets.xcassets */ = {isa = PBXFileReference; lastKnownFileType = folder.assetcatalog; path = Assets.xcassets; sourceTree = "<group>"; };
		1851E6871D1043B4003AF798 /* Base */ = {isa = PBXFileReference; lastKnownFileType = file.storyboard; name = Base; path = Base.lproj/LaunchScreen.storyboard; sourceTree = "<group>"; };
		1851E6891D1043B4003AF798 /* Info.plist */ = {isa = PBXFileReference; lastKnownFileType = text.plist.xml; path = Info.plist; sourceTree = "<group>"; };
		1851E6911D1048D1003AF798 /* APICloud.a */ = {isa = PBXFileReference; lastKnownFileType = archive.ar; path = APICloud.a; sourceTree = "<group>"; };
		1851E6921D1048D1003AF798 /* APIEvent.h */ = {isa = PBXFileReference; fileEncoding = 4; lastKnownFileType = sourcecode.c.h; path = APIEvent.h; sourceTree = "<group>"; };
		1851E6931D1048D1003AF798 /* APIExport.h */ = {isa = PBXFileReference; fileEncoding = 4; lastKnownFileType = sourcecode.c.h; path = APIExport.h; sourceTree = "<group>"; };
		1851E6951D1048D1003AF798 /* NSDictionaryUtils.h */ = {isa = PBXFileReference; fileEncoding = 4; lastKnownFileType = sourcecode.c.h; path = NSDictionaryUtils.h; sourceTree = "<group>"; };
		1851E6961D1048D1003AF798 /* UZAppDelegate.h */ = {isa = PBXFileReference; fileEncoding = 4; lastKnownFileType = sourcecode.c.h; path = UZAppDelegate.h; sourceTree = "<group>"; };
		1851E6971D1048D1003AF798 /* UZAppUtils.h */ = {isa = PBXFileReference; fileEncoding = 4; lastKnownFileType = sourcecode.c.h; path = UZAppUtils.h; sourceTree = "<group>"; };
		1851E6981D1048D1003AF798 /* UZModule.h */ = {isa = PBXFileReference; fileEncoding = 4; lastKnownFileType = sourcecode.c.h; path = UZModule.h; sourceTree = "<group>"; };
		1851E6991D1048D1003AF798 /* APIManager.h */ = {isa = PBXFileReference; fileEncoding = 4; lastKnownFileType = sourcecode.c.h; path = APIManager.h; sourceTree = "<group>"; };
		1851E69A1D1048D1003AF798 /* APIModuleMethod.h */ = {isa = PBXFileReference; fileEncoding = 4; lastKnownFileType = sourcecode.c.h; path = APIModuleMethod.h; sourceTree = "<group>"; };
		1851E69B1D1048D1003AF798 /* APIScriptMessage.h */ = {isa = PBXFileReference; fileEncoding = 4; lastKnownFileType = sourcecode.c.h; path = APIScriptMessage.h; sourceTree = "<group>"; };
		1851E69C1D1048D1003AF798 /* APIUpdateManager.h */ = {isa = PBXFileReference; fileEncoding = 4; lastKnownFileType = sourcecode.c.h; path = APIUpdateManager.h; sourceTree = "<group>"; };
		1851E69D1D1048D1003AF798 /* APIWebView.h */ = {isa = PBXFileReference; fileEncoding = 4; lastKnownFileType = sourcecode.c.h; path = APIWebView.h; sourceTree = "<group>"; };
		1851E69E1D1048D1003AF798 /* APIWidgetContainer.h */ = {isa = PBXFileReference; fileEncoding = 4; lastKnownFileType = sourcecode.c.h; path = APIWidgetContainer.h; sourceTree = "<group>"; };
		1851E69F1D1048D1003AF798 /* APIWindowContainer.h */ = {isa = PBXFileReference; fileEncoding = 4; lastKnownFileType = sourcecode.c.h; path = APIWindowContainer.h; sourceTree = "<group>"; };
		1851E6A01D1048D1003AF798 /* UZWebViewProtocol.h */ = {isa = PBXFileReference; fileEncoding = 4; lastKnownFileType = sourcecode.c.h; path = UZWebViewProtocol.h; sourceTree = "<group>"; };
		1851E6A51D104A92003AF798 /* libminizip.a */ = {isa = PBXFileReference; lastKnownFileType = archive.ar; path = libminizip.a; sourceTree = "<group>"; };
		1851E6A61D104A92003AF798 /* libopencore-amrnb.a */ = {isa = PBXFileReference; lastKnownFileType = archive.ar; path = "libopencore-amrnb.a"; sourceTree = "<group>"; };
		1851E6A71D104A92003AF798 /* libopencore-amrwb.a */ = {isa = PBXFileReference; lastKnownFileType = archive.ar; path = "libopencore-amrwb.a"; sourceTree = "<group>"; };
		1851E6A81D104A92003AF798 /* push.a */ = {isa = PBXFileReference; lastKnownFileType = archive.ar; path = push.a; sourceTree = "<group>"; };
		1851E6B41D104AB2003AF798 /* uz */ = {isa = PBXFileReference; lastKnownFileType = folder; path = uz; sourceTree = "<group>"; };
		1851E6B61D104BD0003AF798 /* WebKit.framework */ = {isa = PBXFileReference; lastKnownFileType = wrapper.framework; name = WebKit.framework; path = System/Library/Frameworks/WebKit.framework; sourceTree = SDKROOT; };
		1851E6B81D104BD9003AF798 /* libz.tbd */ = {isa = PBXFileReference; lastKnownFileType = "sourcecode.text-based-dylib-definition"; name = libz.tbd; path = usr/lib/libz.tbd; sourceTree = SDKROOT; };
		1851E6BA1D104BEE003AF798 /* libicucore.A.tbd */ = {isa = PBXFileReference; lastKnownFileType = "sourcecode.text-based-dylib-definition"; name = libicucore.A.tbd; path = usr/lib/libicucore.A.tbd; sourceTree = SDKROOT; };
		1851E6BC1D104C23003AF798 /* libstdc++.tbd */ = {isa = PBXFileReference; lastKnownFileType = "sourcecode.text-based-dylib-definition"; name = "libstdc++.tbd"; path = "usr/lib/libstdc++.tbd"; sourceTree = SDKROOT; };
/* End PBXFileReference section */

/* Begin PBXFrameworksBuildPhase section */
		1851E6721D1043B4003AF798 /* Frameworks */ = {
			isa = PBXFrameworksBuildPhase;
			buildActionMask = 2147483647;
			files = (
				1851E6BD1D104C23003AF798 /* libstdc++.tbd in Frameworks */,
				1851E6BB1D104BEE003AF798 /* libicucore.A.tbd in Frameworks */,
				1851E6B91D104BD9003AF798 /* libz.tbd in Frameworks */,
				1851E6B71D104BD0003AF798 /* WebKit.framework in Frameworks */,
				1851E6B01D104A92003AF798 /* push.a in Frameworks */,
				1851E6AD1D104A92003AF798 /* libminizip.a in Frameworks */,
				1851E6AE1D104A92003AF798 /* libopencore-amrnb.a in Frameworks */,
				1851E6AF1D104A92003AF798 /* libopencore-amrwb.a in Frameworks */,
				1851E6A11D1048D1003AF798 /* APICloud.a in Frameworks */,
			);
			runOnlyForDeploymentPostprocessing = 0;
		};
/* End PBXFrameworksBuildPhase section */

/* Begin PBXGroup section */
		1851E66C1D1043B4003AF798 = {
			isa = PBXGroup;
			children = (
				1851E6771D1043B4003AF798 /* html5 */,
				1851E6761D1043B4003AF798 /* Products */,
			);
			sourceTree = "<group>";
		};
		1851E6761D1043B4003AF798 /* Products */ = {
			isa = PBXGroup;
			children = (
				1851E6751D1043B4003AF798 /* html5.app */,
			);
			name = Products;
			sourceTree = "<group>";
		};
		1851E6771D1043B4003AF798 /* html5 */ = {
			isa = PBXGroup;
			children = (
				1851E68F1D10443D003AF798 /* Lib */,
				1851E67B1D1043B4003AF798 /* AppDelegate.h */,
				1851E67C1D1043B4003AF798 /* AppDelegate.m */,
				1851E67E1D1043B4003AF798 /* ViewController.h */,
				1851E67F1D1043B4003AF798 /* ViewController.m */,
				1851E6811D1043B4003AF798 /* Main.storyboard */,
				1851E6841D1043B4003AF798 /* Assets.xcassets */,
				1851E6861D1043B4003AF798 /* LaunchScreen.storyboard */,
				1851E6891D1043B4003AF798 /* Info.plist */,
				1851E6781D1043B4003AF798 /* Supporting Files */,
			);
			path = html5;
			sourceTree = "<group>";
		};
		1851E6781D1043B4003AF798 /* Supporting Files */ = {
			isa = PBXGroup;
			children = (
				1851E6791D1043B4003AF798 /* main.m */,
			);
			name = "Supporting Files";
			sourceTree = "<group>";
		};
		1851E68F1D10443D003AF798 /* Lib */ = {
			isa = PBXGroup;
			children = (
				1851E6BE1D104C2B003AF798 /* framework */,
				1851E6A41D104A92003AF798 /* Modules */,
				1851E6901D1048D1003AF798 /* Engine */,
			);
			path = Lib;
			sourceTree = "<group>";
		};
		1851E6901D1048D1003AF798 /* Engine */ = {
			isa = PBXGroup;
			children = (
				1851E6911D1048D1003AF798 /* APICloud.a */,
				1851E6921D1048D1003AF798 /* APIEvent.h */,
				1851E6931D1048D1003AF798 /* APIExport.h */,
				1851E6941D1048D1003AF798 /* APIKit */,
				1851E6991D1048D1003AF798 /* APIManager.h */,
				1851E69A1D1048D1003AF798 /* APIModuleMethod.h */,
				1851E69B1D1048D1003AF798 /* APIScriptMessage.h */,
				1851E69C1D1048D1003AF798 /* APIUpdateManager.h */,
				1851E69D1D1048D1003AF798 /* APIWebView.h */,
				1851E69E1D1048D1003AF798 /* APIWidgetContainer.h */,
				1851E69F1D1048D1003AF798 /* APIWindowContainer.h */,
				1851E6A01D1048D1003AF798 /* UZWebViewProtocol.h */,
			);
			path = Engine;
			sourceTree = "<group>";
		};
		1851E6941D1048D1003AF798 /* APIKit */ = {
			isa = PBXGroup;
			children = (
				1851E6951D1048D1003AF798 /* NSDictionaryUtils.h */,
				1851E6961D1048D1003AF798 /* UZAppDelegate.h */,
				1851E6971D1048D1003AF798 /* UZAppUtils.h */,
				1851E6981D1048D1003AF798 /* UZModule.h */,
			);
			path = APIKit;
			sourceTree = "<group>";
		};
		1851E6A41D104A92003AF798 /* Modules */ = {
			isa = PBXGroup;
			children = (
				1851E6B41D104AB2003AF798 /* uz */,
				1851E6A51D104A92003AF798 /* libminizip.a */,
				1851E6A61D104A92003AF798 /* libopencore-amrnb.a */,
				1851E6A71D104A92003AF798 /* libopencore-amrwb.a */,
				1851E6A81D104A92003AF798 /* push.a */,
			);
			path = Modules;
			sourceTree = "<group>";
		};
		1851E6BE1D104C2B003AF798 /* framework */ = {
			isa = PBXGroup;
			children = (
				1851E6B61D104BD0003AF798 /* WebKit.framework */,
				1851E6BC1D104C23003AF798 /* libstdc++.tbd */,
				1851E6BA1D104BEE003AF798 /* libicucore.A.tbd */,
				1851E6B81D104BD9003AF798 /* libz.tbd */,
			);
			name = framework;
			sourceTree = "<group>";
		};
/* End PBXGroup section */

/* Begin PBXNativeTarget section */
		1851E6741D1043B4003AF798 /* html5 */ = {
			isa = PBXNativeTarget;
			buildConfigurationList = 1851E68C1D1043B4003AF798 /* Build configuration list for PBXNativeTarget "html5" */;
			buildPhases = (
				1851E6711D1043B4003AF798 /* Sources */,
				1851E6721D1043B4003AF798 /* Frameworks */,
				1851E6731D1043B4003AF798 /* Resources */,
			);
			buildRules = (
			);
			dependencies = (
			);
			name = html5;
			productName = html5;
			productReference = 1851E6751D1043B4003AF798 /* html5.app */;
			productType = "com.apple.product-type.application";
		};
/* End PBXNativeTarget section */

/* Begin PBXProject section */
		1851E66D1D1043B4003AF798 /* Project object */ = {
			isa = PBXProject;
			attributes = {
				LastUpgradeCheck = 0730;
				ORGANIZATIONNAME = Apple;
				TargetAttributes = {
					1851E6741D1043B4003AF798 = {
						CreatedOnToolsVersion = 7.3;
						DevelopmentTeam = KNCBZKMS4W;
					};
				};
			};
			buildConfigurationList = 1851E6701D1043B4003AF798 /* Build configuration list for PBXProject "html5" */;
			compatibilityVersion = "Xcode 3.2";
			developmentRegion = English;
			hasScannedForEncodings = 0;
			knownRegions = (
				en,
				Base,
			);
			mainGroup = 1851E66C1D1043B4003AF798;
			productRefGroup = 1851E6761D1043B4003AF798 /* Products */;
			projectDirPath = "";
			projectRoot = "";
			targets = (
				1851E6741D1043B4003AF798 /* html5 */,
			);
		};
/* End PBXProject section */

/* Begin PBXResourcesBuildPhase section */
		1851E6731D1043B4003AF798 /* Resources */ = {
			isa = PBXResourcesBuildPhase;
			buildActionMask = 2147483647;
			files = (
				1851E6881D1043B4003AF798 /* LaunchScreen.storyboard in Resources */,
				1851E6B51D104AB2003AF798 /* uz in Resources */,
				1851E6851D1043B4003AF798 /* Assets.xcassets in Resources */,
				1851E6831D1043B4003AF798 /* Main.storyboard in Resources */,
			);
			runOnlyForDeploymentPostprocessing = 0;
		};
/* End PBXResourcesBuildPhase section */

/* Begin PBXSourcesBuildPhase section */
		1851E6711D1043B4003AF798 /* Sources */ = {
			isa = PBXSourcesBuildPhase;
			buildActionMask = 2147483647;
			files = (
				1851E6801D1043B4003AF798 /* ViewController.m in Sources */,
				1851E67D1D1043B4003AF798 /* AppDelegate.m in Sources */,
				1851E67A1D1043B4003AF798 /* main.m in Sources */,
			);
			runOnlyForDeploymentPostprocessing = 0;
		};
/* End PBXSourcesBuildPhase section */

/* Begin PBXVariantGroup section */
		1851E6811D1043B4003AF798 /* Main.storyboard */ = {
			isa = PBXVariantGroup;
			children = (
				1851E6821D1043B4003AF798 /* Base */,
			);
			name = Main.storyboard;
			sourceTree = "<group>";
		};
		1851E6861D1043B4003AF798 /* LaunchScreen.storyboard */ = {
			isa = PBXVariantGroup;
			children = (
				1851E6871D1043B4003AF798 /* Base */,
			);
			name = LaunchScreen.storyboard;
			sourceTree = "<group>";
		};
/* End PBXVariantGroup section */

/* Begin XCBuildConfiguration section */
		1851E68A1D1043B4003AF798 /* Debug */ = {
			isa = XCBuildConfiguration;
			buildSettings = {
				ALWAYS_SEARCH_USER_PATHS = NO;
				CLANG_ANALYZER_NONNULL = YES;
				CLANG_CXX_LANGUAGE_STANDARD = "gnu++0x";
				CLANG_CXX_LIBRARY = "libc++";
				CLANG_ENABLE_MODULES = YES;
				CLANG_ENABLE_OBJC_ARC = YES;
				CLANG_WARN_BOOL_CONVERSION = YES;
				CLANG_WARN_CONSTANT_CONVERSION = YES;
				CLANG_WARN_DIRECT_OBJC_ISA_USAGE = YES_ERROR;
				CLANG_WARN_EMPTY_BODY = YES;
				CLANG_WARN_ENUM_CONVERSION = YES;
				CLANG_WARN_INT_CONVERSION = YES;
				CLANG_WARN_OBJC_ROOT_CLASS = YES_ERROR;
				CLANG_WARN_UNREACHABLE_CODE = YES;
				CLANG_WARN__DUPLICATE_METHOD_MATCH = YES;
				"CODE_SIGN_IDENTITY[sdk=iphoneos*]" = "iPhone Developer";
				COPY_PHASE_STRIP = NO;
				DEBUG_INFORMATION_FORMAT = dwarf;
				ENABLE_STRICT_OBJC_MSGSEND = YES;
				ENABLE_TESTABILITY = YES;
				GCC_C_LANGUAGE_STANDARD = gnu99;
				GCC_DYNAMIC_NO_PIC = NO;
				GCC_NO_COMMON_BLOCKS = YES;
				GCC_OPTIMIZATION_LEVEL = 0;
				GCC_PREPROCESSOR_DEFINITIONS = (
					"DEBUG=1",
					"$(inherited)",
				);
				GCC_WARN_64_TO_32_BIT_CONVERSION = YES;
				GCC_WARN_ABOUT_RETURN_TYPE = YES_ERROR;
				GCC_WARN_UNDECLARED_SELECTOR = YES;
				GCC_WARN_UNINITIALIZED_AUTOS = YES_AGGRESSIVE;
				GCC_WARN_UNUSED_FUNCTION = YES;
				GCC_WARN_UNUSED_VARIABLE = YES;
				IPHONEOS_DEPLOYMENT_TARGET = 9.3;
				MTL_ENABLE_DEBUG_INFO = YES;
				ONLY_ACTIVE_ARCH = YES;
				SDKROOT = iphoneos;
			};
			name = Debug;
		};
		1851E68B1D1043B4003AF798 /* Release */ = {
			isa = XCBuildConfiguration;
			buildSettings = {
				ALWAYS_SEARCH_USER_PATHS = NO;
				CLANG_ANALYZER_NONNULL = YES;
				CLANG_CXX_LANGUAGE_STANDARD = "gnu++0x";
				CLANG_CXX_LIBRARY = "libc++";
				CLANG_ENABLE_MODULES = YES;
				CLANG_ENABLE_OBJC_ARC = YES;
				CLANG_WARN_BOOL_CONVERSION = YES;
				CLANG_WARN_CONSTANT_CONVERSION = YES;
				CLANG_WARN_DIRECT_OBJC_ISA_USAGE = YES_ERROR;
				CLANG_WARN_EMPTY_BODY = YES;
				CLANG_WARN_ENUM_CONVERSION = YES;
				CLANG_WARN_INT_CONVERSION = YES;
				CLANG_WARN_OBJC_ROOT_CLASS = YES_ERROR;
				CLANG_WARN_UNREACHABLE_CODE = YES;
				CLANG_WARN__DUPLICATE_METHOD_MATCH = YES;
				"CODE_SIGN_IDENTITY[sdk=iphoneos*]" = "iPhone Developer";
				COPY_PHASE_STRIP = NO;
				DEBUG_INFORMATION_FORMAT = "dwarf-with-dsym";
				ENABLE_NS_ASSERTIONS = NO;
				ENABLE_STRICT_OBJC_MSGSEND = YES;
				GCC_C_LANGUAGE_STANDARD = gnu99;
				GCC_NO_COMMON_BLOCKS = YES;
				GCC_WARN_64_TO_32_BIT_CONVERSION = YES;
				GCC_WARN_ABOUT_RETURN_TYPE = YES_ERROR;
				GCC_WARN_UNDECLARED_SELECTOR = YES;
				GCC_WARN_UNINITIALIZED_AUTOS = YES_AGGRESSIVE;
				GCC_WARN_UNUSED_FUNCTION = YES;
				GCC_WARN_UNUSED_VARIABLE = YES;
				IPHONEOS_DEPLOYMENT_TARGET = 9.3;
				MTL_ENABLE_DEBUG_INFO = NO;
				SDKROOT = iphoneos;
				VALIDATE_PRODUCT = YES;
			};
			name = Release;
		};
		1851E68D1D1043B4003AF798 /* Debug */ = {
			isa = XCBuildConfiguration;
			buildSettings = {
				ASSETCATALOG_COMPILER_APPICON_NAME = AppIcon;
				ENABLE_BITCODE = NO;
				INFOPLIST_FILE = html5/Info.plist;
				LD_RUNPATH_SEARCH_PATHS = "$(inherited) @executable_path/Frameworks";
				LIBRARY_SEARCH_PATHS = (
					"$(inherited)",
					"$(PROJECT_DIR)/html5/Lib/Engine",
					"$(PROJECT_DIR)/html5/Lib/Modules",
				);
				OTHER_LDFLAGS = "-ObjC";
				PRODUCT_BUNDLE_IDENTIFIER = com.jg.html5;
				PRODUCT_NAME = "$(TARGET_NAME)";
			};
			name = Debug;
		};
		1851E68E1D1043B4003AF798 /* Release */ = {
			isa = XCBuildConfiguration;
			buildSettings = {
				ASSETCATALOG_COMPILER_APPICON_NAME = AppIcon;
				ENABLE_BITCODE = NO;
				INFOPLIST_FILE = html5/Info.plist;
				LD_RUNPATH_SEARCH_PATHS = "$(inherited) @executable_path/Frameworks";
				LIBRARY_SEARCH_PATHS = (
					"$(inherited)",
					"$(PROJECT_DIR)/html5/Lib/Engine",
					"$(PROJECT_DIR)/html5/Lib/Modules",
				);
				OTHER_LDFLAGS = "-ObjC";
				PRODUCT_BUNDLE_IDENTIFIER = com.jg.html5;
				PRODUCT_NAME = "$(TARGET_NAME)";
			};
			name = Release;
		};
/* End XCBuildConfiguration section */

/* Begin XCConfigurationList section */
		1851E6701D1043B4003AF798 /* Build configuration list for PBXProject "html5" */ = {
			isa = XCConfigurationList;
			buildConfigurations = (
				1851E68A1D1043B4003AF798 /* Debug */,
				1851E68B1D1043B4003AF798 /* Release */,
			);
			defaultConfigurationIsVisible = 0;
			defaultConfigurationName = Release;
		};
		1851E68C1D1043B4003AF798 /* Build configuration list for PBXNativeTarget "html5" */ = {
			isa = XCConfigurationList;
			buildConfigurations = (
				1851E68D1D1043B4003AF798 /* Debug */,
				1851E68E1D1043B4003AF798 /* Release */,
			);
			defaultConfigurationIsVisible = 0;
		};
/* End XCConfigurationList section */
	};
	rootObject = 1851E66D1D1043B4003AF798 /* Project object */;
}
